
Microsoft Visual Studio Solution File, Format Version 12.00
# Visual Studio 15
VisualStudioVersion = 15.0.26730.8
MinimumVisualStudioVersion = 10.0.40219.1
Project("{FAE04EC0-301F-11D3-BF4B-00C04F79EFBC}") = "DependencyInjection", "DependencyInjection\DependencyInjection.csproj", "{9DDE1C34-CE19-4C8F-9CD6-2DF187229D63}"
EndProject
Project("{FAE04EC0-301F-11D3-BF4B-00C04F79EFBC}") = "dbTestDi", "dbTestDi\dbTestDi.csproj", "{5A7C3718-0FD2-42F4-ACD8-FEF1FE416D62}"
EndProject
Global
	GlobalSection(SolutionConfigurationPlatforms) = preSolution
		Debug|Any CPU = Debug|Any CPU
		Release|Any CPU = Release|Any CPU
	EndGlobalSection
	GlobalSection(ProjectConfigurationPlatforms) = postSolution
		{9DDE1C34-CE19-4C8F-9CD6-2DF187229D63}.Debug|Any CPU.ActiveCfg = Debug|Any CPU
		{9DDE1C34-CE19-4C8F-9CD6-2DF187229D63}.Debug|Any CPU.Build.0 = Debug|Any CPU
		{9DDE1C34-CE19-4C8F-9CD6-2DF187229D63}.Release|Any CPU.ActiveCfg = Release|Any CPU
		{9DDE1C34-CE19-4C8F-9CD6-2DF187229D63}.Release|Any CPU.Build.0 = Release|Any CPU
		{5A7C3718-0FD2-42F4-ACD8-FEF1FE416D62}.Debug|Any CPU.ActiveCfg = Debug|Any CPU
		{5A7C3718-0FD2-42F4-ACD8-FEF1FE416D62}.Debug|Any CPU.Build.0 = Debug|Any CPU
		{5A7C3718-0FD2-42F4-ACD8-FEF1FE416D62}.Release|Any CPU.ActiveCfg = Release|Any CPU
		{5A7C3718-0FD2-42F4-ACD8-FEF1FE416D62}.Release|Any CPU.Build.0 = Release|Any CPU
	EndGlobalSection
	GlobalSection(SolutionProperties) = preSolution
		HideSolutionNode = FALSE
	EndGlobalSection
	GlobalSection(ExtensibilityGlobals) = postSolution
		SolutionGuid = {4C15B66F-F591-4A98-B19F-28C6159013B4}
	EndGlobalSection
EndGlobal
