
Microsoft Visual Studio Solution File, Format Version 12.00
# Visual Studio 15
VisualStudioVersion = 15.0.26730.8
MinimumVisualStudioVersion = 10.0.40219.1
Project("{FAE04EC0-301F-11D3-BF4B-00C04F79EFBC}") = "eventsOne", "eventsOne\eventsOne.csproj", "{15C9FE5E-88C3-4939-8B72-FB876A2CB3BC}"
EndProject
Global
	GlobalSection(SolutionConfigurationPlatforms) = preSolution
		Debug|Any CPU = Debug|Any CPU
		Release|Any CPU = Release|Any CPU
	EndGlobalSection
	GlobalSection(ProjectConfigurationPlatforms) = postSolution
		{15C9FE5E-88C3-4939-8B72-FB876A2CB3BC}.Debug|Any CPU.ActiveCfg = Debug|Any CPU
		{15C9FE5E-88C3-4939-8B72-FB876A2CB3BC}.Debug|Any CPU.Build.0 = Debug|Any CPU
		{15C9FE5E-88C3-4939-8B72-FB876A2CB3BC}.Release|Any CPU.ActiveCfg = Release|Any CPU
		{15C9FE5E-88C3-4939-8B72-FB876A2CB3BC}.Release|Any CPU.Build.0 = Release|Any CPU
	EndGlobalSection
	GlobalSection(SolutionProperties) = preSolution
		HideSolutionNode = FALSE
	EndGlobalSection
	GlobalSection(ExtensibilityGlobals) = postSolution
		SolutionGuid = {FDB2617E-7B24-495C-90B8-8481B735DCA2}
	EndGlobalSection
EndGlobal
