
Microsoft Visual Studio Solution File, Format Version 12.00
# Visual Studio 15
VisualStudioVersion = 15.0.26730.8
MinimumVisualStudioVersion = 10.0.40219.1
Project("{FAE04EC0-301F-11D3-BF4B-00C04F79EFBC}") = "WebApp", "WebApp\WebApp.csproj", "{9FC8394B-69A3-4869-AB61-1F7F5DC26846}"
EndProject
Project("{FAE04EC0-301F-11D3-BF4B-00C04F79EFBC}") = "TonysLibraryBase", "TonysLibraryBase\TonysLibraryBase.csproj", "{5EF5D2F5-B212-4C92-91BD-99881EC6916F}"
EndProject
Global
	GlobalSection(SolutionConfigurationPlatforms) = preSolution
		Debug|Any CPU = Debug|Any CPU
		Release|Any CPU = Release|Any CPU
	EndGlobalSection
	GlobalSection(ProjectConfigurationPlatforms) = postSolution
		{9FC8394B-69A3-4869-AB61-1F7F5DC26846}.Debug|Any CPU.ActiveCfg = Debug|Any CPU
		{9FC8394B-69A3-4869-AB61-1F7F5DC26846}.Debug|Any CPU.Build.0 = Debug|Any CPU
		{9FC8394B-69A3-4869-AB61-1F7F5DC26846}.Release|Any CPU.ActiveCfg = Release|Any CPU
		{9FC8394B-69A3-4869-AB61-1F7F5DC26846}.Release|Any CPU.Build.0 = Release|Any CPU
		{5EF5D2F5-B212-4C92-91BD-99881EC6916F}.Debug|Any CPU.ActiveCfg = Debug|Any CPU
		{5EF5D2F5-B212-4C92-91BD-99881EC6916F}.Debug|Any CPU.Build.0 = Debug|Any CPU
		{5EF5D2F5-B212-4C92-91BD-99881EC6916F}.Release|Any CPU.ActiveCfg = Release|Any CPU
		{5EF5D2F5-B212-4C92-91BD-99881EC6916F}.Release|Any CPU.Build.0 = Release|Any CPU
	EndGlobalSection
	GlobalSection(SolutionProperties) = preSolution
		HideSolutionNode = FALSE
	EndGlobalSection
	GlobalSection(ExtensibilityGlobals) = postSolution
		SolutionGuid = {683C9625-E53B-42AD-8365-E27783D3E50B}
	EndGlobalSection
EndGlobal
